
Microsoft Visual Studio Solution File, Format Version 12.00
# Visual Studio 14
VisualStudioVersion = 14.0.23107.0
MinimumVisualStudioVersion = 10.0.40219.1
Project("{8BC9CEB8-8B4A-11D0-8D11-00A0C91BC942}") = "testApp", "testApp\testApp.vcxproj", "{F164768E-EBF4-478B-81BD-176DB8B40419}"
EndProject
Project("{8BC9CEB8-8B4A-11D0-8D11-00A0C91BC942}") = "webServer", "webServer\webServer.vcxproj", "{9D43068E-0FA8-4525-8EED-170D1733254C}"
EndProject
Project("{8BC9CEB8-8B4A-11D0-8D11-00A0C91BC942}") = "tcpStack", "tcpStack\tcpStack.vcxproj", "{309EE235-BDC2-4354-B578-E846A0A292C7}"
EndProject
Project("{8BC9CEB8-8B4A-11D0-8D11-00A0C91BC942}") = "osSupport", "osSupport\osSupport.vcxproj", "{B0CAC83F-07ED-47BC-9271-D17B45803235}"
EndProject
Project("{2150E333-8FDC-42A3-9474-1A3956D46DE8}") = "Solution Items", "Solution Items", "{EE55E915-92EC-4BE5-B4AF-7F887C61C7B7}"
	ProjectSection(SolutionItems) = preProject
		README.md = README.md
	EndProjectSection
EndProject
Global
	GlobalSection(SolutionConfigurationPlatforms) = preSolution
		Debug|x64 = Debug|x64
		Debug|x86 = Debug|x86
		Release|x64 = Release|x64
		Release|x86 = Release|x86
	EndGlobalSection
	GlobalSection(ProjectConfigurationPlatforms) = postSolution
		{F164768E-EBF4-478B-81BD-176DB8B40419}.Debug|x64.ActiveCfg = Debug|x64
		{F164768E-EBF4-478B-81BD-176DB8B40419}.Debug|x64.Build.0 = Debug|x64
		{F164768E-EBF4-478B-81BD-176DB8B40419}.Debug|x86.ActiveCfg = Debug|Win32
		{F164768E-EBF4-478B-81BD-176DB8B40419}.Debug|x86.Build.0 = Debug|Win32
		{F164768E-EBF4-478B-81BD-176DB8B40419}.Release|x64.ActiveCfg = Release|x64
		{F164768E-EBF4-478B-81BD-176DB8B40419}.Release|x64.Build.0 = Release|x64
		{F164768E-EBF4-478B-81BD-176DB8B40419}.Release|x86.ActiveCfg = Release|Win32
		{F164768E-EBF4-478B-81BD-176DB8B40419}.Release|x86.Build.0 = Release|Win32
		{9D43068E-0FA8-4525-8EED-170D1733254C}.Debug|x64.ActiveCfg = Debug|x64
		{9D43068E-0FA8-4525-8EED-170D1733254C}.Debug|x64.Build.0 = Debug|x64
		{9D43068E-0FA8-4525-8EED-170D1733254C}.Debug|x86.ActiveCfg = Debug|Win32
		{9D43068E-0FA8-4525-8EED-170D1733254C}.Debug|x86.Build.0 = Debug|Win32
		{9D43068E-0FA8-4525-8EED-170D1733254C}.Release|x64.ActiveCfg = Release|x64
		{9D43068E-0FA8-4525-8EED-170D1733254C}.Release|x64.Build.0 = Release|x64
		{9D43068E-0FA8-4525-8EED-170D1733254C}.Release|x86.ActiveCfg = Release|Win32
		{9D43068E-0FA8-4525-8EED-170D1733254C}.Release|x86.Build.0 = Release|Win32
		{309EE235-BDC2-4354-B578-E846A0A292C7}.Debug|x64.ActiveCfg = Debug|x64
		{309EE235-BDC2-4354-B578-E846A0A292C7}.Debug|x64.Build.0 = Debug|x64
		{309EE235-BDC2-4354-B578-E846A0A292C7}.Debug|x86.ActiveCfg = Debug|Win32
		{309EE235-BDC2-4354-B578-E846A0A292C7}.Debug|x86.Build.0 = Debug|Win32
		{309EE235-BDC2-4354-B578-E846A0A292C7}.Release|x64.ActiveCfg = Release|x64
		{309EE235-BDC2-4354-B578-E846A0A292C7}.Release|x64.Build.0 = Release|x64
		{309EE235-BDC2-4354-B578-E846A0A292C7}.Release|x86.ActiveCfg = Release|Win32
		{309EE235-BDC2-4354-B578-E846A0A292C7}.Release|x86.Build.0 = Release|Win32
		{B0CAC83F-07ED-47BC-9271-D17B45803235}.Debug|x64.ActiveCfg = Debug|x64
		{B0CAC83F-07ED-47BC-9271-D17B45803235}.Debug|x64.Build.0 = Debug|x64
		{B0CAC83F-07ED-47BC-9271-D17B45803235}.Debug|x86.ActiveCfg = Debug|Win32
		{B0CAC83F-07ED-47BC-9271-D17B45803235}.Debug|x86.Build.0 = Debug|Win32
		{B0CAC83F-07ED-47BC-9271-D17B45803235}.Release|x64.ActiveCfg = Release|x64
		{B0CAC83F-07ED-47BC-9271-D17B45803235}.Release|x64.Build.0 = Release|x64
		{B0CAC83F-07ED-47BC-9271-D17B45803235}.Release|x86.ActiveCfg = Release|Win32
		{B0CAC83F-07ED-47BC-9271-D17B45803235}.Release|x86.Build.0 = Release|Win32
	EndGlobalSection
	GlobalSection(SolutionProperties) = preSolution
		HideSolutionNode = FALSE
	EndGlobalSection
EndGlobal
